
Microsoft Visual Studio Solution File, Format Version 12.00
# Visual Studio Version 17
VisualStudioVersion = 17.8.34330.188
MinimumVisualStudioVersion = 10.0.40219.1
Project("{FAE04EC0-301F-11D3-BF4B-00C04F79EFBC}") = "PhungHuyTruong_PH48831_xuongthuchanh", "PhungHuyTruong_PH48831_xuongthuchanh\PhungHuyTruong_PH48831_xuongthuchanh.csproj", "{E7AD537A-A2F7-41F4-B1B8-5268A910E10A}"
EndProject
Global
	GlobalSection(SolutionConfigurationPlatforms) = preSolution
		Debug|Any CPU = Debug|Any CPU
		Release|Any CPU = Release|Any CPU
	EndGlobalSection
	GlobalSection(ProjectConfigurationPlatforms) = postSolution
		{E7AD537A-A2F7-41F4-B1B8-5268A910E10A}.Debug|Any CPU.ActiveCfg = Debug|Any CPU
		{E7AD537A-A2F7-41F4-B1B8-5268A910E10A}.Debug|Any CPU.Build.0 = Debug|Any CPU
		{E7AD537A-A2F7-41F4-B1B8-5268A910E10A}.Release|Any CPU.ActiveCfg = Release|Any CPU
		{E7AD537A-A2F7-41F4-B1B8-5268A910E10A}.Release|Any CPU.Build.0 = Release|Any CPU
	EndGlobalSection
	GlobalSection(SolutionProperties) = preSolution
		HideSolutionNode = FALSE
	EndGlobalSection
	GlobalSection(ExtensibilityGlobals) = postSolution
		SolutionGuid = {CF9A0DD3-A965-4DAE-A522-6E55DA75DC94}
	EndGlobalSection
EndGlobal
